
Microsoft Visual Studio Solution File, Format Version 12.00
# Visual Studio Version 17
VisualStudioVersion = 17.3.32929.385
MinimumVisualStudioVersion = 10.0.40219.1
Project("{FAE04EC0-301F-11D3-BF4B-00C04F79EFBC}") = "main", "main\main.csproj", "{A36AAA4A-E6B8-46CA-B556-7BECAE70B29B}"
EndProject
Project("{FAE04EC0-301F-11D3-BF4B-00C04F79EFBC}") = "dominio", "dominio\dominio.csproj", "{AE33F75E-2965-4F51-98ED-84DDC28948D7}"
EndProject
Project("{FAE04EC0-301F-11D3-BF4B-00C04F79EFBC}") = "negocio", "negocio\negocio.csproj", "{DC0A2979-8D54-4F56-A410-9450C075EBC7}"
EndProject
Global
	GlobalSection(SolutionConfigurationPlatforms) = preSolution
		Debug|Any CPU = Debug|Any CPU
		Release|Any CPU = Release|Any CPU
	EndGlobalSection
	GlobalSection(ProjectConfigurationPlatforms) = postSolution
		{A36AAA4A-E6B8-46CA-B556-7BECAE70B29B}.Debug|Any CPU.ActiveCfg = Debug|Any CPU
		{A36AAA4A-E6B8-46CA-B556-7BECAE70B29B}.Debug|Any CPU.Build.0 = Debug|Any CPU
		{A36AAA4A-E6B8-46CA-B556-7BECAE70B29B}.Release|Any CPU.ActiveCfg = Release|Any CPU
		{A36AAA4A-E6B8-46CA-B556-7BECAE70B29B}.Release|Any CPU.Build.0 = Release|Any CPU
		{AE33F75E-2965-4F51-98ED-84DDC28948D7}.Debug|Any CPU.ActiveCfg = Debug|Any CPU
		{AE33F75E-2965-4F51-98ED-84DDC28948D7}.Debug|Any CPU.Build.0 = Debug|Any CPU
		{AE33F75E-2965-4F51-98ED-84DDC28948D7}.Release|Any CPU.ActiveCfg = Release|Any CPU
		{AE33F75E-2965-4F51-98ED-84DDC28948D7}.Release|Any CPU.Build.0 = Release|Any CPU
		{DC0A2979-8D54-4F56-A410-9450C075EBC7}.Debug|Any CPU.ActiveCfg = Debug|Any CPU
		{DC0A2979-8D54-4F56-A410-9450C075EBC7}.Debug|Any CPU.Build.0 = Debug|Any CPU
		{DC0A2979-8D54-4F56-A410-9450C075EBC7}.Release|Any CPU.ActiveCfg = Release|Any CPU
		{DC0A2979-8D54-4F56-A410-9450C075EBC7}.Release|Any CPU.Build.0 = Release|Any CPU
	EndGlobalSection
	GlobalSection(SolutionProperties) = preSolution
		HideSolutionNode = FALSE
	EndGlobalSection
	GlobalSection(ExtensibilityGlobals) = postSolution
		SolutionGuid = {2799A76D-9CB7-4061-8111-1244561F29BD}
	EndGlobalSection
EndGlobal
